// !$*UTF8*$!
{
	archiveVersion = 1;
	classes = {
	};
	objectVersion = 56;
	objects = {

/* Begin PBXBuildFile section */
		7A1F7081292F0B7200ECA565 /* QuizAppApp.swift in Sources */ = {isa = PBXBuildFile; fileRef = 7A1F7080292F0B7200ECA565 /* QuizAppApp.swift */; };
		7A1F7083292F0B7200ECA565 /* ContentView.swift in Sources */ = {isa = PBXBuildFile; fileRef = 7A1F7082292F0B7200ECA565 /* ContentView.swift */; };
		7A1F7085292F0B7400ECA565 /* Assets.xcassets in Resources */ = {isa = PBXBuildFile; fileRef = 7A1F7084292F0B7400ECA565 /* Assets.xcassets */; };
		7A1F7088292F0B7400ECA565 /* Preview Assets.xcassets in Resources */ = {isa = PBXBuildFile; fileRef = 7A1F7087292F0B7400ECA565 /* Preview Assets.xcassets */; };
		7A1F7092292F0B7400ECA565 /* StudyAppTests.swift in Sources */ = {isa = PBXBuildFile; fileRef = 7A1F7091292F0B7400ECA565 /* StudyAppTests.swift */; };
		7A1F709C292F0B7400ECA565 /* StudyAppUITests.swift in Sources */ = {isa = PBXBuildFile; fileRef = 7A1F709B292F0B7400ECA565 /* StudyAppUITests.swift */; };
		7A1F709E292F0B7400ECA565 /* StudyAppUITestsLaunchTests.swift in Sources */ = {isa = PBXBuildFile; fileRef = 7A1F709D292F0B7400ECA565 /* StudyAppUITestsLaunchTests.swift */; };
		7A5FAFF1294CE87C0039C91D /* SettingsView.swift in Sources */ = {isa = PBXBuildFile; fileRef = 7A5FAFF0294CE87C0039C91D /* SettingsView.swift */; };
		7A693F40294C281800A17C8A /* AddIndexCard.swift in Sources */ = {isa = PBXBuildFile; fileRef = 7A693F3F294C281800A17C8A /* AddIndexCard.swift */; };
		7A693F42294C285200A17C8A /* Cards.swift in Sources */ = {isa = PBXBuildFile; fileRef = 7A693F41294C285200A17C8A /* Cards.swift */; };
		7A693F46294C3C9C00A17C8A /* CardView.swift in Sources */ = {isa = PBXBuildFile; fileRef = 7A693F45294C3C9C00A17C8A /* CardView.swift */; };
		7A693F48294C4C9B00A17C8A /* main_view.swift in Sources */ = {isa = PBXBuildFile; fileRef = 7A693F47294C4C9B00A17C8A /* main_view.swift */; };
		7A693F4A294C5EAF00A17C8A /* NotesView.swift in Sources */ = {isa = PBXBuildFile; fileRef = 7A693F49294C5EAF00A17C8A /* NotesView.swift */; };
		7A693F4C294CD6D300A17C8A /* TimerView.swift in Sources */ = {isa = PBXBuildFile; fileRef = 7A693F4B294CD6D300A17C8A /* TimerView.swift */; };
		7A7EDC6B29452FC700B33810 /* AddIndexSet.swift in Sources */ = {isa = PBXBuildFile; fileRef = 7A7EDC6A29452FC700B33810 /* AddIndexSet.swift */; };
		7A7EDC6D2945332700B33810 /* IndexCard.swift in Sources */ = {isa = PBXBuildFile; fileRef = 7A7EDC6C2945332700B33810 /* IndexCard.swift */; };
		7A7EDC6F294537E100B33810 /* IndexCardSet.swift in Sources */ = {isa = PBXBuildFile; fileRef = 7A7EDC6E294537E100B33810 /* IndexCardSet.swift */; };
		7A7EDC712945393700B33810 /* Sets.swift in Sources */ = {isa = PBXBuildFile; fileRef = 7A7EDC702945393700B33810 /* Sets.swift */; };
		7A7EDC7329454C0E00B33810 /* CardSetView.swift in Sources */ = {isa = PBXBuildFile; fileRef = 7A7EDC7229454C0E00B33810 /* CardSetView.swift */; };
/* End PBXBuildFile section */

/* Begin PBXContainerItemProxy section */
		7A1F708E292F0B7400ECA565 /* PBXContainerItemProxy */ = {
			isa = PBXContainerItemProxy;
			containerPortal = 7A1F7075292F0B7200ECA565 /* Project object */;
			proxyType = 1;
			remoteGlobalIDString = 7A1F707C292F0B7200ECA565;
			remoteInfo = QuizApp;
		};
		7A1F7098292F0B7400ECA565 /* PBXContainerItemProxy */ = {
			isa = PBXContainerItemProxy;
			containerPortal = 7A1F7075292F0B7200ECA565 /* Project object */;
			proxyType = 1;
			remoteGlobalIDString = 7A1F707C292F0B7200ECA565;
			remoteInfo = QuizApp;
		};
/* End PBXContainerItemProxy section */

/* Begin PBXFileReference section */
		7A1F707D292F0B7200ECA565 /* StudyApp.app */ = {isa = PBXFileReference; explicitFileType = wrapper.application; includeInIndex = 0; path = StudyApp.app; sourceTree = BUILT_PRODUCTS_DIR; };
		7A1F7080292F0B7200ECA565 /* QuizAppApp.swift */ = {isa = PBXFileReference; lastKnownFileType = sourcecode.swift; path = QuizAppApp.swift; sourceTree = "<group>"; };
		7A1F7082292F0B7200ECA565 /* ContentView.swift */ = {isa = PBXFileReference; lastKnownFileType = sourcecode.swift; path = ContentView.swift; sourceTree = "<group>"; };
		7A1F7084292F0B7400ECA565 /* Assets.xcassets */ = {isa = PBXFileReference; lastKnownFileType = folder.assetcatalog; path = Assets.xcassets; sourceTree = "<group>"; };
		7A1F7087292F0B7400ECA565 /* Preview Assets.xcassets */ = {isa = PBXFileReference; lastKnownFileType = folder.assetcatalog; path = "Preview Assets.xcassets"; sourceTree = "<group>"; };
		7A1F708D292F0B7400ECA565 /* StudyAppTests.xctest */ = {isa = PBXFileReference; explicitFileType = wrapper.cfbundle; includeInIndex = 0; path = StudyAppTests.xctest; sourceTree = BUILT_PRODUCTS_DIR; };
		7A1F7091292F0B7400ECA565 /* StudyAppTests.swift */ = {isa = PBXFileReference; lastKnownFileType = sourcecode.swift; path = StudyAppTests.swift; sourceTree = "<group>"; };
		7A1F7097292F0B7400ECA565 /* StudyAppUITests.xctest */ = {isa = PBXFileReference; explicitFileType = wrapper.cfbundle; includeInIndex = 0; path = StudyAppUITests.xctest; sourceTree = BUILT_PRODUCTS_DIR; };
		7A1F709B292F0B7400ECA565 /* StudyAppUITests.swift */ = {isa = PBXFileReference; lastKnownFileType = sourcecode.swift; path = StudyAppUITests.swift; sourceTree = "<group>"; };
		7A1F709D292F0B7400ECA565 /* StudyAppUITestsLaunchTests.swift */ = {isa = PBXFileReference; lastKnownFileType = sourcecode.swift; path = StudyAppUITestsLaunchTests.swift; sourceTree = "<group>"; };
		7A5FAFF0294CE87C0039C91D /* SettingsView.swift */ = {isa = PBXFileReference; lastKnownFileType = sourcecode.swift; path = SettingsView.swift; sourceTree = "<group>"; };
		7A693F3F294C281800A17C8A /* AddIndexCard.swift */ = {isa = PBXFileReference; lastKnownFileType = sourcecode.swift; path = AddIndexCard.swift; sourceTree = "<group>"; };
		7A693F41294C285200A17C8A /* Cards.swift */ = {isa = PBXFileReference; lastKnownFileType = sourcecode.swift; path = Cards.swift; sourceTree = "<group>"; };
		7A693F45294C3C9C00A17C8A /* CardView.swift */ = {isa = PBXFileReference; lastKnownFileType = sourcecode.swift; path = CardView.swift; sourceTree = "<group>"; };
		7A693F47294C4C9B00A17C8A /* main_view.swift */ = {isa = PBXFileReference; lastKnownFileType = sourcecode.swift; path = main_view.swift; sourceTree = "<group>"; };
		7A693F49294C5EAF00A17C8A /* NotesView.swift */ = {isa = PBXFileReference; lastKnownFileType = sourcecode.swift; path = NotesView.swift; sourceTree = "<group>"; };
		7A693F4B294CD6D300A17C8A /* TimerView.swift */ = {isa = PBXFileReference; lastKnownFileType = sourcecode.swift; path = TimerView.swift; sourceTree = "<group>"; };
		7A7EDC6A29452FC700B33810 /* AddIndexSet.swift */ = {isa = PBXFileReference; lastKnownFileType = sourcecode.swift; path = AddIndexSet.swift; sourceTree = "<group>"; };
		7A7EDC6C2945332700B33810 /* IndexCard.swift */ = {isa = PBXFileReference; lastKnownFileType = sourcecode.swift; path = IndexCard.swift; sourceTree = "<group>"; };
		7A7EDC6E294537E100B33810 /* IndexCardSet.swift */ = {isa = PBXFileReference; lastKnownFileType = sourcecode.swift; path = IndexCardSet.swift; sourceTree = "<group>"; };
		7A7EDC702945393700B33810 /* Sets.swift */ = {isa = PBXFileReference; lastKnownFileType = sourcecode.swift; path = Sets.swift; sourceTree = "<group>"; };
		7A7EDC7229454C0E00B33810 /* CardSetView.swift */ = {isa = PBXFileReference; lastKnownFileType = sourcecode.swift; path = CardSetView.swift; sourceTree = "<group>"; };
/* End PBXFileReference section */

/* Begin PBXFrameworksBuildPhase section */
		7A1F707A292F0B7200ECA565 /* Frameworks */ = {
			isa = PBXFrameworksBuildPhase;
			buildActionMask = 2147483647;
			files = (
			);
			runOnlyForDeploymentPostprocessing = 0;
		};
		7A1F708A292F0B7400ECA565 /* Frameworks */ = {
			isa = PBXFrameworksBuildPhase;
			buildActionMask = 2147483647;
			files = (
			);
			runOnlyForDeploymentPostprocessing = 0;
		};
		7A1F7094292F0B7400ECA565 /* Frameworks */ = {
			isa = PBXFrameworksBuildPhase;
			buildActionMask = 2147483647;
			files = (
			);
			runOnlyForDeploymentPostprocessing = 0;
		};
/* End PBXFrameworksBuildPhase section */

/* Begin PBXGroup section */
		7A1F7074292F0B7200ECA565 = {
			isa = PBXGroup;
			children = (
				7A1F707F292F0B7200ECA565 /* StudyApp */,
				7A1F7090292F0B7400ECA565 /* StudyAppTests */,
				7A1F709A292F0B7400ECA565 /* StudyUITests */,
				7A1F707E292F0B7200ECA565 /* Products */,
			);
			sourceTree = "<group>";
		};
		7A1F707E292F0B7200ECA565 /* Products */ = {
			isa = PBXGroup;
			children = (
				7A1F707D292F0B7200ECA565 /* StudyApp.app */,
				7A1F708D292F0B7400ECA565 /* StudyAppTests.xctest */,
				7A1F7097292F0B7400ECA565 /* StudyAppUITests.xctest */,
			);
			name = Products;
			sourceTree = "<group>";
		};
		7A1F707F292F0B7200ECA565 /* StudyApp */ = {
			isa = PBXGroup;
			children = (
				7A1F7080292F0B7200ECA565 /* QuizAppApp.swift */,
				7A693F47294C4C9B00A17C8A /* main_view.swift */,
				7A693F49294C5EAF00A17C8A /* NotesView.swift */,
				7A693F4B294CD6D300A17C8A /* TimerView.swift */,
				7A5FAFF0294CE87C0039C91D /* SettingsView.swift */,
				7A1F7082292F0B7200ECA565 /* ContentView.swift */,
				7A7EDC7229454C0E00B33810 /* CardSetView.swift */,
				7A693F45294C3C9C00A17C8A /* CardView.swift */,
				7A7EDC6A29452FC700B33810 /* AddIndexSet.swift */,
				7A693F3F294C281800A17C8A /* AddIndexCard.swift */,
				7A7EDC702945393700B33810 /* Sets.swift */,
				7A693F41294C285200A17C8A /* Cards.swift */,
				7A7EDC6E294537E100B33810 /* IndexCardSet.swift */,
				7A7EDC6C2945332700B33810 /* IndexCard.swift */,
				7A1F7084292F0B7400ECA565 /* Assets.xcassets */,
				7A1F7086292F0B7400ECA565 /* Preview Content */,
			);
			path = StudyApp;
			sourceTree = "<group>";
		};
		7A1F7086292F0B7400ECA565 /* Preview Content */ = {
			isa = PBXGroup;
			children = (
				7A1F7087292F0B7400ECA565 /* Preview Assets.xcassets */,
			);
			path = "Preview Content";
			sourceTree = "<group>";
		};
		7A1F7090292F0B7400ECA565 /* StudyAppTests */ = {
			isa = PBXGroup;
			children = (
				7A1F7091292F0B7400ECA565 /* StudyAppTests.swift */,
			);
			path = StudyAppTests;
			sourceTree = "<group>";
		};
		7A1F709A292F0B7400ECA565 /* StudyUITests */ = {
			isa = PBXGroup;
			children = (
				7A1F709B292F0B7400ECA565 /* StudyAppUITests.swift */,
				7A1F709D292F0B7400ECA565 /* StudyAppUITestsLaunchTests.swift */,
			);
			path = StudyUITests;
			sourceTree = "<group>";
		};
/* End PBXGroup section */

/* Begin PBXNativeTarget section */
		7A1F707C292F0B7200ECA565 /* StudyApp */ = {
			isa = PBXNativeTarget;
			buildConfigurationList = 7A1F70A1292F0B7400ECA565 /* Build configuration list for PBXNativeTarget "StudyApp" */;
			buildPhases = (
				7A1F7079292F0B7200ECA565 /* Sources */,
				7A1F707A292F0B7200ECA565 /* Frameworks */,
				7A1F707B292F0B7200ECA565 /* Resources */,
			);
			buildRules = (
			);
			dependencies = (
			);
			name = StudyApp;
			productName = QuizApp;
			productReference = 7A1F707D292F0B7200ECA565 /* StudyApp.app */;
			productType = "com.apple.product-type.application";
		};
		7A1F708C292F0B7400ECA565 /* StudyAppTests */ = {
			isa = PBXNativeTarget;
			buildConfigurationList = 7A1F70A4292F0B7400ECA565 /* Build configuration list for PBXNativeTarget "StudyAppTests" */;
			buildPhases = (
				7A1F7089292F0B7400ECA565 /* Sources */,
				7A1F708A292F0B7400ECA565 /* Frameworks */,
				7A1F708B292F0B7400ECA565 /* Resources */,
			);
			buildRules = (
			);
			dependencies = (
				7A1F708F292F0B7400ECA565 /* PBXTargetDependency */,
			);
			name = StudyAppTests;
			productName = QuizAppTests;
			productReference = 7A1F708D292F0B7400ECA565 /* StudyAppTests.xctest */;
			productType = "com.apple.product-type.bundle.unit-test";
		};
		7A1F7096292F0B7400ECA565 /* StudyAppUITests */ = {
			isa = PBXNativeTarget;
			buildConfigurationList = 7A1F70A7292F0B7400ECA565 /* Build configuration list for PBXNativeTarget "StudyAppUITests" */;
			buildPhases = (
				7A1F7093292F0B7400ECA565 /* Sources */,
				7A1F7094292F0B7400ECA565 /* Frameworks */,
				7A1F7095292F0B7400ECA565 /* Resources */,
			);
			buildRules = (
			);
			dependencies = (
				7A1F7099292F0B7400ECA565 /* PBXTargetDependency */,
			);
			name = StudyAppUITests;
			productName = QuizAppUITests;
			productReference = 7A1F7097292F0B7400ECA565 /* StudyAppUITests.xctest */;
			productType = "com.apple.product-type.bundle.ui-testing";
		};
/* End PBXNativeTarget section */

/* Begin PBXProject section */
		7A1F7075292F0B7200ECA565 /* Project object */ = {
			isa = PBXProject;
			attributes = {
				BuildIndependentTargetsInParallel = 1;
				LastSwiftUpdateCheck = 1410;
				LastUpgradeCheck = 1410;
				TargetAttributes = {
					7A1F707C292F0B7200ECA565 = {
						CreatedOnToolsVersion = 14.1;
					};
					7A1F708C292F0B7400ECA565 = {
						CreatedOnToolsVersion = 14.1;
						TestTargetID = 7A1F707C292F0B7200ECA565;
					};
					7A1F7096292F0B7400ECA565 = {
						CreatedOnToolsVersion = 14.1;
						TestTargetID = 7A1F707C292F0B7200ECA565;
					};
				};
			};
			buildConfigurationList = 7A1F7078292F0B7200ECA565 /* Build configuration list for PBXProject "StudyApp" */;
			compatibilityVersion = "Xcode 14.0";
			developmentRegion = en;
			hasScannedForEncodings = 0;
			knownRegions = (
				en,
				Base,
			);
			mainGroup = 7A1F7074292F0B7200ECA565;
			productRefGroup = 7A1F707E292F0B7200ECA565 /* Products */;
			projectDirPath = "";
			projectRoot = "";
			targets = (
				7A1F707C292F0B7200ECA565 /* StudyApp */,
				7A1F708C292F0B7400ECA565 /* StudyAppTests */,
				7A1F7096292F0B7400ECA565 /* StudyAppUITests */,
			);
		};
/* End PBXProject section */

/* Begin PBXResourcesBuildPhase section */
		7A1F707B292F0B7200ECA565 /* Resources */ = {
			isa = PBXResourcesBuildPhase;
			buildActionMask = 2147483647;
			files = (
				7A1F7088292F0B7400ECA565 /* Preview Assets.xcassets in Resources */,
				7A1F7085292F0B7400ECA565 /* Assets.xcassets in Resources */,
			);
			runOnlyForDeploymentPostprocessing = 0;
		};
		7A1F708B292F0B7400ECA565 /* Resources */ = {
			isa = PBXResourcesBuildPhase;
			buildActionMask = 2147483647;
			files = (
			);
			runOnlyForDeploymentPostprocessing = 0;
		};
		7A1F7095292F0B7400ECA565 /* Resources */ = {
			isa = PBXResourcesBuildPhase;
			buildActionMask = 2147483647;
			files = (
			);
			runOnlyForDeploymentPostprocessing = 0;
		};
/* End PBXResourcesBuildPhase section */

/* Begin PBXSourcesBuildPhase section */
		7A1F7079292F0B7200ECA565 /* Sources */ = {
			isa = PBXSourcesBuildPhase;
			buildActionMask = 2147483647;
			files = (
				7A693F40294C281800A17C8A /* AddIndexCard.swift in Sources */,
				7A7EDC6D2945332700B33810 /* IndexCard.swift in Sources */,
				7A693F4A294C5EAF00A17C8A /* NotesView.swift in Sources */,
				7A7EDC7329454C0E00B33810 /* CardSetView.swift in Sources */,
				7A693F42294C285200A17C8A /* Cards.swift in Sources */,
				7A693F4C294CD6D300A17C8A /* TimerView.swift in Sources */,
				7A693F46294C3C9C00A17C8A /* CardView.swift in Sources */,
				7A5FAFF1294CE87C0039C91D /* SettingsView.swift in Sources */,
				7A693F48294C4C9B00A17C8A /* main_view.swift in Sources */,
				7A7EDC6F294537E100B33810 /* IndexCardSet.swift in Sources */,
				7A1F7083292F0B7200ECA565 /* ContentView.swift in Sources */,
				7A7EDC6B29452FC700B33810 /* AddIndexSet.swift in Sources */,
				7A1F7081292F0B7200ECA565 /* QuizAppApp.swift in Sources */,
				7A7EDC712945393700B33810 /* Sets.swift in Sources */,
			);
			runOnlyForDeploymentPostprocessing = 0;
		};
		7A1F7089292F0B7400ECA565 /* Sources */ = {
			isa = PBXSourcesBuildPhase;
			buildActionMask = 2147483647;
			files = (
				7A1F7092292F0B7400ECA565 /* StudyAppTests.swift in Sources */,
			);
			runOnlyForDeploymentPostprocessing = 0;
		};
		7A1F7093292F0B7400ECA565 /* Sources */ = {
			isa = PBXSourcesBuildPhase;
			buildActionMask = 2147483647;
			files = (
				7A1F709C292F0B7400ECA565 /* StudyAppUITests.swift in Sources */,
				7A1F709E292F0B7400ECA565 /* StudyAppUITestsLaunchTests.swift in Sources */,
			);
			runOnlyForDeploymentPostprocessing = 0;
		};
/* End PBXSourcesBuildPhase section */

/* Begin PBXTargetDependency section */
		7A1F708F292F0B7400ECA565 /* PBXTargetDependency */ = {
			isa = PBXTargetDependency;
			target = 7A1F707C292F0B7200ECA565 /* StudyApp */;
			targetProxy = 7A1F708E292F0B7400ECA565 /* PBXContainerItemProxy */;
		};
		7A1F7099292F0B7400ECA565 /* PBXTargetDependency */ = {
			isa = PBXTargetDependency;
			target = 7A1F707C292F0B7200ECA565 /* StudyApp */;
			targetProxy = 7A1F7098292F0B7400ECA565 /* PBXContainerItemProxy */;
		};
/* End PBXTargetDependency section */

/* Begin XCBuildConfiguration section */
		7A1F709F292F0B7400ECA565 /* Debug */ = {
			isa = XCBuildConfiguration;
			buildSettings = {
				ALWAYS_SEARCH_USER_PATHS = NO;
				CLANG_ANALYZER_NONNULL = YES;
				CLANG_ANALYZER_NUMBER_OBJECT_CONVERSION = YES_AGGRESSIVE;
				CLANG_CXX_LANGUAGE_STANDARD = "gnu++20";
				CLANG_ENABLE_MODULES = YES;
				CLANG_ENABLE_OBJC_ARC = YES;
				CLANG_ENABLE_OBJC_WEAK = YES;
				CLANG_WARN_BLOCK_CAPTURE_AUTORELEASING = YES;
				CLANG_WARN_BOOL_CONVERSION = YES;
				CLANG_WARN_COMMA = YES;
				CLANG_WARN_CONSTANT_CONVERSION = YES;
				CLANG_WARN_DEPRECATED_OBJC_IMPLEMENTATIONS = YES;
				CLANG_WARN_DIRECT_OBJC_ISA_USAGE = YES_ERROR;
				CLANG_WARN_DOCUMENTATION_COMMENTS = YES;
				CLANG_WARN_EMPTY_BODY = YES;
				CLANG_WARN_ENUM_CONVERSION = YES;
				CLANG_WARN_INFINITE_RECURSION = YES;
				CLANG_WARN_INT_CONVERSION = YES;
				CLANG_WARN_NON_LITERAL_NULL_CONVERSION = YES;
				CLANG_WARN_OBJC_IMPLICIT_RETAIN_SELF = YES;
				CLANG_WARN_OBJC_LITERAL_CONVERSION = YES;
				CLANG_WARN_OBJC_ROOT_CLASS = YES_ERROR;
				CLANG_WARN_QUOTED_INCLUDE_IN_FRAMEWORK_HEADER = YES;
				CLANG_WARN_RANGE_LOOP_ANALYSIS = YES;
				CLANG_WARN_STRICT_PROTOTYPES = YES;
				CLANG_WARN_SUSPICIOUS_MOVE = YES;
				CLANG_WARN_UNGUARDED_AVAILABILITY = YES_AGGRESSIVE;
				CLANG_WARN_UNREACHABLE_CODE = YES;
				CLANG_WARN__DUPLICATE_METHOD_MATCH = YES;
				COPY_PHASE_STRIP = NO;
				DEBUG_INFORMATION_FORMAT = dwarf;
				ENABLE_STRICT_OBJC_MSGSEND = YES;
				ENABLE_TESTABILITY = YES;
				GCC_C_LANGUAGE_STANDARD = gnu11;
				GCC_DYNAMIC_NO_PIC = NO;
				GCC_NO_COMMON_BLOCKS = YES;
				GCC_OPTIMIZATION_LEVEL = 0;
				GCC_PREPROCESSOR_DEFINITIONS = (
					"DEBUG=1",
					"$(inherited)",
				);
				GCC_WARN_64_TO_32_BIT_CONVERSION = YES;
				GCC_WARN_ABOUT_RETURN_TYPE = YES_ERROR;
				GCC_WARN_UNDECLARED_SELECTOR = YES;
				GCC_WARN_UNINITIALIZED_AUTOS = YES_AGGRESSIVE;
				GCC_WARN_UNUSED_FUNCTION = YES;
				GCC_WARN_UNUSED_VARIABLE = YES;
				IPHONEOS_DEPLOYMENT_TARGET = 16.1;
				MTL_ENABLE_DEBUG_INFO = INCLUDE_SOURCE;
				MTL_FAST_MATH = YES;
				ONLY_ACTIVE_ARCH = YES;
				SDKROOT = iphoneos;
				SWIFT_ACTIVE_COMPILATION_CONDITIONS = DEBUG;
				SWIFT_OPTIMIZATION_LEVEL = "-Onone";
			};
			name = Debug;
		};
		7A1F70A0292F0B7400ECA565 /* Release */ = {
			isa = XCBuildConfiguration;
			buildSettings = {
				ALWAYS_SEARCH_USER_PATHS = NO;
				CLANG_ANALYZER_NONNULL = YES;
				CLANG_ANALYZER_NUMBER_OBJECT_CONVERSION = YES_AGGRESSIVE;
				CLANG_CXX_LANGUAGE_STANDARD = "gnu++20";
				CLANG_ENABLE_MODULES = YES;
				CLANG_ENABLE_OBJC_ARC = YES;
				CLANG_ENABLE_OBJC_WEAK = YES;
				CLANG_WARN_BLOCK_CAPTURE_AUTORELEASING = YES;
				CLANG_WARN_BOOL_CONVERSION = YES;
				CLANG_WARN_COMMA = YES;
				CLANG_WARN_CONSTANT_CONVERSION = YES;
				CLANG_WARN_DEPRECATED_OBJC_IMPLEMENTATIONS = YES;
				CLANG_WARN_DIRECT_OBJC_ISA_USAGE = YES_ERROR;
				CLANG_WARN_DOCUMENTATION_COMMENTS = YES;
				CLANG_WARN_EMPTY_BODY = YES;
				CLANG_WARN_ENUM_CONVERSION = YES;
				CLANG_WARN_INFINITE_RECURSION = YES;
				CLANG_WARN_INT_CONVERSION = YES;
				CLANG_WARN_NON_LITERAL_NULL_CONVERSION = YES;
				CLANG_WARN_OBJC_IMPLICIT_RETAIN_SELF = YES;
				CLANG_WARN_OBJC_LITERAL_CONVERSION = YES;
				CLANG_WARN_OBJC_ROOT_CLASS = YES_ERROR;
				CLANG_WARN_QUOTED_INCLUDE_IN_FRAMEWORK_HEADER = YES;
				CLANG_WARN_RANGE_LOOP_ANALYSIS = YES;
				CLANG_WARN_STRICT_PROTOTYPES = YES;
				CLANG_WARN_SUSPICIOUS_MOVE = YES;
				CLANG_WARN_UNGUARDED_AVAILABILITY = YES_AGGRESSIVE;
				CLANG_WARN_UNREACHABLE_CODE = YES;
				CLANG_WARN__DUPLICATE_METHOD_MATCH = YES;
				COPY_PHASE_STRIP = NO;
				DEBUG_INFORMATION_FORMAT = "dwarf-with-dsym";
				ENABLE_NS_ASSERTIONS = NO;
				ENABLE_STRICT_OBJC_MSGSEND = YES;
				GCC_C_LANGUAGE_STANDARD = gnu11;
				GCC_NO_COMMON_BLOCKS = YES;
				GCC_WARN_64_TO_32_BIT_CONVERSION = YES;
				GCC_WARN_ABOUT_RETURN_TYPE = YES_ERROR;
				GCC_WARN_UNDECLARED_SELECTOR = YES;
				GCC_WARN_UNINITIALIZED_AUTOS = YES_AGGRESSIVE;
				GCC_WARN_UNUSED_FUNCTION = YES;
				GCC_WARN_UNUSED_VARIABLE = YES;
				IPHONEOS_DEPLOYMENT_TARGET = 16.1;
				MTL_ENABLE_DEBUG_INFO = NO;
				MTL_FAST_MATH = YES;
				SDKROOT = iphoneos;
				SWIFT_COMPILATION_MODE = wholemodule;
				SWIFT_OPTIMIZATION_LEVEL = "-O";
				VALIDATE_PRODUCT = YES;
			};
			name = Release;
		};
		7A1F70A2292F0B7400ECA565 /* Debug */ = {
			isa = XCBuildConfiguration;
			buildSettings = {
				ASSETCATALOG_COMPILER_APPICON_NAME = AppIcon;
				ASSETCATALOG_COMPILER_GLOBAL_ACCENT_COLOR_NAME = AccentColor;
				CODE_SIGN_STYLE = Automatic;
				CURRENT_PROJECT_VERSION = 1;
				DEVELOPMENT_ASSET_PATHS = "\"StudyApp/Preview Content\"";
				ENABLE_PREVIEWS = YES;
				GENERATE_INFOPLIST_FILE = YES;
				INFOPLIST_KEY_UIApplicationSceneManifest_Generation = YES;
				INFOPLIST_KEY_UIApplicationSupportsIndirectInputEvents = YES;
				INFOPLIST_KEY_UILaunchScreen_Generation = YES;
				INFOPLIST_KEY_UISupportedInterfaceOrientations_iPad = "UIInterfaceOrientationPortrait UIInterfaceOrientationPortraitUpsideDown UIInterfaceOrientationLandscapeLeft UIInterfaceOrientationLandscapeRight";
				INFOPLIST_KEY_UISupportedInterfaceOrientations_iPhone = "UIInterfaceOrientationPortrait UIInterfaceOrientationLandscapeLeft UIInterfaceOrientationLandscapeRight";
				LD_RUNPATH_SEARCH_PATHS = (
					"$(inherited)",
					"@executable_path/Frameworks",
				);
				MARKETING_VERSION = 1.0;
				PRODUCT_BUNDLE_IDENTIFIER = SamuelValls.csuf.StudyApp;
				PRODUCT_NAME = "$(TARGET_NAME)";
				SWIFT_EMIT_LOC_STRINGS = YES;
				SWIFT_VERSION = 5.0;
				TARGETED_DEVICE_FAMILY = "1,2";
			};
			name = Debug;
		};
		7A1F70A3292F0B7400ECA565 /* Release */ = {
			isa = XCBuildConfiguration;
			buildSettings = {
				ASSETCATALOG_COMPILER_APPICON_NAME = AppIcon;
				ASSETCATALOG_COMPILER_GLOBAL_ACCENT_COLOR_NAME = AccentColor;
				CODE_SIGN_STYLE = Automatic;
				CURRENT_PROJECT_VERSION = 1;
				DEVELOPMENT_ASSET_PATHS = "\"StudyApp/Preview Content\"";
				ENABLE_PREVIEWS = YES;
				GENERATE_INFOPLIST_FILE = YES;
				INFOPLIST_KEY_UIApplicationSceneManifest_Generation = YES;
				INFOPLIST_KEY_UIApplicationSupportsIndirectInputEvents = YES;
				INFOPLIST_KEY_UILaunchScreen_Generation = YES;
				INFOPLIST_KEY_UISupportedInterfaceOrientations_iPad = "UIInterfaceOrientationPortrait UIInterfaceOrientationPortraitUpsideDown UIInterfaceOrientationLandscapeLeft UIInterfaceOrientationLandscapeRight";
				INFOPLIST_KEY_UISupportedInterfaceOrientations_iPhone = "UIInterfaceOrientationPortrait UIInterfaceOrientationLandscapeLeft UIInterfaceOrientationLandscapeRight";
				LD_RUNPATH_SEARCH_PATHS = (
					"$(inherited)",
					"@executable_path/Frameworks",
				);
				MARKETING_VERSION = 1.0;
				PRODUCT_BUNDLE_IDENTIFIER = SamuelValls.csuf.StudyApp;
				PRODUCT_NAME = "$(TARGET_NAME)";
				SWIFT_EMIT_LOC_STRINGS = YES;
				SWIFT_VERSION = 5.0;
				TARGETED_DEVICE_FAMILY = "1,2";
			};
			name = Release;
		};
		7A1F70A5292F0B7400ECA565 /* Debug */ = {
			isa = XCBuildConfiguration;
			buildSettings = {
				ALWAYS_EMBED_SWIFT_STANDARD_LIBRARIES = YES;
				BUNDLE_LOADER = "$(TEST_HOST)";
				CODE_SIGN_STYLE = Automatic;
				CURRENT_PROJECT_VERSION = 1;
				GENERATE_INFOPLIST_FILE = YES;
				IPHONEOS_DEPLOYMENT_TARGET = 16.1;
				MARKETING_VERSION = 1.0;
				PRODUCT_BUNDLE_IDENTIFIER = SamuelValls.csuf.QuizAppTests;
				PRODUCT_NAME = "$(TARGET_NAME)";
				SWIFT_EMIT_LOC_STRINGS = NO;
				SWIFT_VERSION = 5.0;
				TARGETED_DEVICE_FAMILY = "1,2";
				TEST_HOST = "$(BUILT_PRODUCTS_DIR)/StudyApp.app/$(BUNDLE_EXECUTABLE_FOLDER_PATH)/StudyApp";
			};
			name = Debug;
		};
		7A1F70A6292F0B7400ECA565 /* Release */ = {
			isa = XCBuildConfiguration;
			buildSettings = {
				ALWAYS_EMBED_SWIFT_STANDARD_LIBRARIES = YES;
				BUNDLE_LOADER = "$(TEST_HOST)";
				CODE_SIGN_STYLE = Automatic;
				CURRENT_PROJECT_VERSION = 1;
				GENERATE_INFOPLIST_FILE = YES;
				IPHONEOS_DEPLOYMENT_TARGET = 16.1;
				MARKETING_VERSION = 1.0;
				PRODUCT_BUNDLE_IDENTIFIER = SamuelValls.csuf.QuizAppTests;
				PRODUCT_NAME = "$(TARGET_NAME)";
				SWIFT_EMIT_LOC_STRINGS = NO;
				SWIFT_VERSION = 5.0;
				TARGETED_DEVICE_FAMILY = "1,2";
				TEST_HOST = "$(BUILT_PRODUCTS_DIR)/StudyApp.app/$(BUNDLE_EXECUTABLE_FOLDER_PATH)/StudyApp";
			};
			name = Release;
		};
		7A1F70A8292F0B7400ECA565 /* Debug */ = {
			isa = XCBuildConfiguration;
			buildSettings = {
				ALWAYS_EMBED_SWIFT_STANDARD_LIBRARIES = YES;
				CODE_SIGN_STYLE = Automatic;
				CURRENT_PROJECT_VERSION = 1;
				GENERATE_INFOPLIST_FILE = YES;
				MARKETING_VERSION = 1.0;
				PRODUCT_BUNDLE_IDENTIFIER = SamuelValls.csuf.QuizAppUITests;
				PRODUCT_NAME = "$(TARGET_NAME)";
				SWIFT_EMIT_LOC_STRINGS = NO;
				SWIFT_VERSION = 5.0;
				TARGETED_DEVICE_FAMILY = "1,2";
				TEST_TARGET_NAME = QuizApp;
			};
			name = Debug;
		};
		7A1F70A9292F0B7400ECA565 /* Release */ = {
			isa = XCBuildConfiguration;
			buildSettings = {
				ALWAYS_EMBED_SWIFT_STANDARD_LIBRARIES = YES;
				CODE_SIGN_STYLE = Automatic;
				CURRENT_PROJECT_VERSION = 1;
				GENERATE_INFOPLIST_FILE = YES;
				MARKETING_VERSION = 1.0;
				PRODUCT_BUNDLE_IDENTIFIER = SamuelValls.csuf.QuizAppUITests;
				PRODUCT_NAME = "$(TARGET_NAME)";
				SWIFT_EMIT_LOC_STRINGS = NO;
				SWIFT_VERSION = 5.0;
				TARGETED_DEVICE_FAMILY = "1,2";
				TEST_TARGET_NAME = QuizApp;
			};
			name = Release;
		};
/* End XCBuildConfiguration section */

/* Begin XCConfigurationList section */
		7A1F7078292F0B7200ECA565 /* Build configuration list for PBXProject "StudyApp" */ = {
			isa = XCConfigurationList;
			buildConfigurations = (
				7A1F709F292F0B7400ECA565 /* Debug */,
				7A1F70A0292F0B7400ECA565 /* Release */,
			);
			defaultConfigurationIsVisible = 0;
			defaultConfigurationName = Release;
		};
		7A1F70A1292F0B7400ECA565 /* Build configuration list for PBXNativeTarget "StudyApp" */ = {
			isa = XCConfigurationList;
			buildConfigurations = (
				7A1F70A2292F0B7400ECA565 /* Debug */,
				7A1F70A3292F0B7400ECA565 /* Release */,
			);
			defaultConfigurationIsVisible = 0;
			defaultConfigurationName = Release;
		};
		7A1F70A4292F0B7400ECA565 /* Build configuration list for PBXNativeTarget "StudyAppTests" */ = {
			isa = XCConfigurationList;
			buildConfigurations = (
				7A1F70A5292F0B7400ECA565 /* Debug */,
				7A1F70A6292F0B7400ECA565 /* Release */,
			);
			defaultConfigurationIsVisible = 0;
			defaultConfigurationName = Release;
		};
		7A1F70A7292F0B7400ECA565 /* Build configuration list for PBXNativeTarget "StudyAppUITests" */ = {
			isa = XCConfigurationList;
			buildConfigurations = (
				7A1F70A8292F0B7400ECA565 /* Debug */,
				7A1F70A9292F0B7400ECA565 /* Release */,
			);
			defaultConfigurationIsVisible = 0;
			defaultConfigurationName = Release;
		};
/* End XCConfigurationList section */
	};
	rootObject = 7A1F7075292F0B7200ECA565 /* Project object */;
}
